
Microsoft Visual Studio Solution File, Format Version 12.00
# Visual Studio Version 17
VisualStudioVersion = 17.12.35527.113 d17.12
MinimumVisualStudioVersion = 10.0.40219.1
Project("{FAE04EC0-301F-11D3-BF4B-00C04F79EFBC}") = "Quiz3a", "Quiz3a\Quiz3a.csproj", "{C782F988-298F-4278-BE45-25EAB0B6D6B3}"
EndProject
Global
	GlobalSection(SolutionConfigurationPlatforms) = preSolution
		Debug|Any CPU = Debug|Any CPU
		Release|Any CPU = Release|Any CPU
	EndGlobalSection
	GlobalSection(ProjectConfigurationPlatforms) = postSolution
		{C782F988-298F-4278-BE45-25EAB0B6D6B3}.Debug|Any CPU.ActiveCfg = Debug|Any CPU
		{C782F988-298F-4278-BE45-25EAB0B6D6B3}.Debug|Any CPU.Build.0 = Debug|Any CPU
		{C782F988-298F-4278-BE45-25EAB0B6D6B3}.Release|Any CPU.ActiveCfg = Release|Any CPU
		{C782F988-298F-4278-BE45-25EAB0B6D6B3}.Release|Any CPU.Build.0 = Release|Any CPU
	EndGlobalSection
	GlobalSection(SolutionProperties) = preSolution
		HideSolutionNode = FALSE
	EndGlobalSection
EndGlobal
